
Microsoft Visual Studio Solution File, Format Version 12.00
# Visual Studio 15
VisualStudioVersion = 15.0.28010.2003
MinimumVisualStudioVersion = 10.0.40219.1
Project("{2150E333-8FDC-42A3-9474-1A3956D46DE8}") = "Nishaan.Solutions.XperhubAPI", "Nishaan.Solutions.XperhubAPI", "{990B55F1-4377-4703-907B-C2E49AC0940D}"
EndProject
Project("{FAE04EC0-301F-11D3-BF4B-00C04F79EFBC}") = "Nishaan.Solutions.XperhubAPI", "Nishaan.Solutions.XperhubAPI\Nishaan.Solutions.XperhubAPI.csproj", "{5E5126FA-7CAA-4693-B2AC-3C79F84F7CDA}"
EndProject
Global
	GlobalSection(SolutionConfigurationPlatforms) = preSolution
		Debug|Any CPU = Debug|Any CPU
		Release|Any CPU = Release|Any CPU
	EndGlobalSection
	GlobalSection(ProjectConfigurationPlatforms) = postSolution
		{5E5126FA-7CAA-4693-B2AC-3C79F84F7CDA}.Debug|Any CPU.ActiveCfg = Debug|Any CPU
		{5E5126FA-7CAA-4693-B2AC-3C79F84F7CDA}.Debug|Any CPU.Build.0 = Debug|Any CPU
		{5E5126FA-7CAA-4693-B2AC-3C79F84F7CDA}.Release|Any CPU.ActiveCfg = Release|Any CPU
		{5E5126FA-7CAA-4693-B2AC-3C79F84F7CDA}.Release|Any CPU.Build.0 = Release|Any CPU
	EndGlobalSection
	GlobalSection(SolutionProperties) = preSolution
		HideSolutionNode = FALSE
	EndGlobalSection
	GlobalSection(NestedProjects) = preSolution
		{5E5126FA-7CAA-4693-B2AC-3C79F84F7CDA} = {990B55F1-4377-4703-907B-C2E49AC0940D}
	EndGlobalSection
	GlobalSection(ExtensibilityGlobals) = postSolution
		SolutionGuid = {CC8790FD-18EB-4E53-A63A-E110E7748F65}
	EndGlobalSection
EndGlobal
